Microsoft Visual Studio Solution File, Format Version 12.00
# Visual Studio Version 16
VisualStudioVersion = 16.0.29319.158
MinimumVisualStudioVersion = 10.0.40219.1
Project("{2150E333-8FDC-42A3-9474-1A3956D46DE8}") = "Solution Items", "Solution Items", "{D870B7A6-4C06-45DD-982E-6D8362A82D3D}"
	ProjectSection(SolutionItems) = preProject
		README.md = README.md
		version.json = version.json
	EndProjectSection
EndProject
Project("{9A19103F-16F7-4668-BE54-9A1E7A4F7556}") = "DBMigrator.Console", "DBMigrator.Console\DBMigrator.Console.csproj", "{A88570C3-DDEE-4FCD-A2F9-6991BFA0E42E}"
EndProject
Project("{9A19103F-16F7-4668-BE54-9A1E7A4F7556}") = "DBMigrator", "DBMigrator\DBMigrator.csproj", "{B89EB784-C1AD-457F-A556-29849101BA30}"
EndProject
Project("{9A19103F-16F7-4668-BE54-9A1E7A4F7556}") = "DBMigrator.Test", "DBMigrator.Test\DBMigrator.Test.csproj", "{6894DF2B-A153-4ED0-9198-B085A801E118}"
EndProject
Project("{FAE04EC0-301F-11D3-BF4B-00C04F79EFBC}") = "DBMigratorVsix", "DBMigratorVsix\DBMigratorVsix.csproj", "{5D4EFF96-D84B-42B8-BF3F-54172B90C71F}"
EndProject
Global
	GlobalSection(SolutionConfigurationPlatforms) = preSolution
		Debug|Any CPU = Debug|Any CPU
		Release|Any CPU = Release|Any CPU
	EndGlobalSection
	GlobalSection(ProjectConfigurationPlatforms) = postSolution
		{A88570C3-DDEE-4FCD-A2F9-6991BFA0E42E}.Debug|Any CPU.ActiveCfg = Debug|Any CPU
		{A88570C3-DDEE-4FCD-A2F9-6991BFA0E42E}.Debug|Any CPU.Build.0 = Debug|Any CPU
		{A88570C3-DDEE-4FCD-A2F9-6991BFA0E42E}.Release|Any CPU.ActiveCfg = Release|Any CPU
		{A88570C3-DDEE-4FCD-A2F9-6991BFA0E42E}.Release|Any CPU.Build.0 = Release|Any CPU
		{B89EB784-C1AD-457F-A556-29849101BA30}.Debug|Any CPU.ActiveCfg = Debug|Any CPU
		{B89EB784-C1AD-457F-A556-29849101BA30}.Debug|Any CPU.Build.0 = Debug|Any CPU
		{B89EB784-C1AD-457F-A556-29849101BA30}.Release|Any CPU.ActiveCfg = Release|Any CPU
		{B89EB784-C1AD-457F-A556-29849101BA30}.Release|Any CPU.Build.0 = Release|Any CPU
		{6894DF2B-A153-4ED0-9198-B085A801E118}.Debug|Any CPU.ActiveCfg = Debug|Any CPU
		{6894DF2B-A153-4ED0-9198-B085A801E118}.Debug|Any CPU.Build.0 = Debug|Any CPU
		{6894DF2B-A153-4ED0-9198-B085A801E118}.Release|Any CPU.ActiveCfg = Release|Any CPU
		{6894DF2B-A153-4ED0-9198-B085A801E118}.Release|Any CPU.Build.0 = Release|Any CPU
		{5D4EFF96-D84B-42B8-BF3F-54172B90C71F}.Debug|Any CPU.ActiveCfg = Debug|Any CPU
		{5D4EFF96-D84B-42B8-BF3F-54172B90C71F}.Debug|Any CPU.Build.0 = Debug|Any CPU
		{5D4EFF96-D84B-42B8-BF3F-54172B90C71F}.Release|Any CPU.ActiveCfg = Release|Any CPU
		{5D4EFF96-D84B-42B8-BF3F-54172B90C71F}.Release|Any CPU.Build.0 = Release|Any CPU
	EndGlobalSection
	GlobalSection(SolutionProperties) = preSolution
		HideSolutionNode = FALSE
	EndGlobalSection
	GlobalSection(ExtensibilityGlobals) = postSolution
		SolutionGuid = {FE0D90A1-7EE8-48BE-B755-353C8691EBD9}
	EndGlobalSection
EndGlobal
